
Microsoft Visual Studio Solution File, Format Version 12.00
# Visual Studio 15
VisualStudioVersion = 15.0.26228.4
MinimumVisualStudioVersion = 10.0.40219.1
Project("{9A19103F-16F7-4668-BE54-9A1E7A4F7556}") = "DotNetVueStartkit", "DotNetVueStartkit.csproj", "{794E96C8-FC15-4AFC-84D4-44A193B55D60}"
EndProject
Global
	GlobalSection(SolutionConfigurationPlatforms) = preSolution
		Debug|Any CPU = Debug|Any CPU
		Release|Any CPU = Release|Any CPU
	EndGlobalSection
	GlobalSection(ProjectConfigurationPlatforms) = postSolution
		{794E96C8-FC15-4AFC-84D4-44A193B55D60}.Debug|Any CPU.ActiveCfg = Debug|Any CPU
		{794E96C8-FC15-4AFC-84D4-44A193B55D60}.Debug|Any CPU.Build.0 = Debug|Any CPU
		{794E96C8-FC15-4AFC-84D4-44A193B55D60}.Release|Any CPU.ActiveCfg = Release|Any CPU
		{794E96C8-FC15-4AFC-84D4-44A193B55D60}.Release|Any CPU.Build.0 = Release|Any CPU
	EndGlobalSection
	GlobalSection(SolutionProperties) = preSolution
		HideSolutionNode = FALSE
	EndGlobalSection
EndGlobal
